{
  "name": "zotero-lib",
  "version": "1.0.5",
  "lockfileVersion": 1,
  "requires": true,
  "dependencies": {
    "@iarna/toml": {
      "version": "2.2.5",
      "resolved": "https://registry.npmjs.org/@iarna/toml/-/toml-2.2.5.tgz",
      "integrity": "sha512-trnsAYxU3xnS1gPHPyU961coFyLkh4gAD/0zQ5mymY4yOZ+CYvsPqUbOFSw0aDM4y0tV7tiFxL/1XfXPNC6IPg=="
    },
    "@types/node": {
      "version": "14.14.14",
      "resolved": "https://registry.npmjs.org/@types/node/-/node-14.14.14.tgz",
      "integrity": "sha512-UHnOPWVWV1z+VV8k6L1HhG7UbGBgIdghqF3l9Ny9ApPghbjICXkUJSd/b9gOgQfjM1r+37cipdw/HJ3F6ICEnQ=="
    },
    "@types/strip-bom": {
      "version": "3.0.0",
      "resolved": "https://registry.npmjs.org/@types/strip-bom/-/strip-bom-3.0.0.tgz",
      "integrity": "sha1-FKjsOVbC6B7bdSB5CuzyHCkK69I="
    },
    "@types/strip-json-comments": {
      "version": "0.0.30",
      "resolved": "https://registry.npmjs.org/@types/strip-json-comments/-/strip-json-comments-0.0.30.tgz",
      "integrity": "sha512-7NQmHra/JILCd1QqpSzl8+mJRc8ZHz3uDm8YV1Ks9IhK0epEiTw8aIErbvH9PI+6XbqhyIQy3462nEsn7UVzjQ=="
    },
    "amdefine": {
      "version": "1.0.1",
      "resolved": "https://registry.npmjs.org/amdefine/-/amdefine-1.0.1.tgz",
      "integrity": "sha1-SlKCrBZHKek2Gbz9OtFR+BfOkfU="
    },
    "arg": {
      "version": "5.0.0",
      "resolved": "https://registry.npmjs.org/arg/-/arg-5.0.0.tgz",
      "integrity": "sha512-4P8Zm2H+BRS+c/xX1LrHw0qKpEhdlZjLCgWy+d78T9vqa2Z2SiD2wMrYuWIAFy5IZUD7nnNXroRttz+0RzlrzQ=="
    },
    "argparse": {
      "version": "2.0.1",
      "resolved": "https://registry.npmjs.org/argparse/-/argparse-2.0.1.tgz",
      "integrity": "sha512-8+9WqebbFzpX9OR+Wa6O29asIogeRMzcGtAINdpMHHyAg10f05aSFVBbcEqGf/PXw1EjAZ+q2/bEBg3DvurK3Q=="
    },
    "args-any": {
      "version": "1.2.1",
      "resolved": "https://registry.npmjs.org/args-any/-/args-any-1.2.1.tgz",
      "integrity": "sha512-76yBAkUBbl1ZdjTtBSwbDGUAull3qJKGa+bAGR3FTFgo/LjD6eF02Uj/KQ0Pok6ieFcQJk1FS0LKfiT/onnGSQ==",
      "requires": {
        "index-of-any": "^1.3.0",
        "lodash": "^4.17.20",
        "lodash-decorators": "^6.0.1",
        "lodash.escaperegexp": "^4.1.2",
        "reflect-metadata": "^0.1.13",
        "string-converter": "^1.2.1",
        "tslib": "^2.0.1"
      }
    },
    "async": {
      "version": "0.2.10",
      "resolved": "https://registry.npmjs.org/async/-/async-0.2.10.tgz",
      "integrity": "sha1-trvgsGdLnXGXCMo43owjfLUmw9E="
    },
    "bluebird": {
      "version": "3.7.2",
      "resolved": "https://registry.npmjs.org/bluebird/-/bluebird-3.7.2.tgz",
      "integrity": "sha512-XpNj6GDQzdfW+r2Wnn7xiSAd7TM3jzkxGXBGTtWKuSXv1xUV+azxAm8jdWZN06QTQk+2N2XB9jRDkvbmQmcRtg=="
    },
    "docstring": {
      "version": "1.1.0",
      "resolved": "https://registry.npmjs.org/docstring/-/docstring-1.1.0.tgz",
      "integrity": "sha1-7u24H6PVU909ZS6WWfrQiLGJe/w="
    },
    "dotenv": {
      "version": "8.2.0",
      "resolved": "https://registry.npmjs.org/dotenv/-/dotenv-8.2.0.tgz",
      "integrity": "sha512-8sJ78ElpbDJBHNeBzUbUVLsqKdccaa/BXF1uPTw3GrvQTBgrQrtObr2mUrE38vzYd8cEv+m/JBfDLioYcfXoaw=="
    },
    "file-match": {
      "version": "1.0.2",
      "resolved": "https://registry.npmjs.org/file-match/-/file-match-1.0.2.tgz",
      "integrity": "sha1-ycrSZdLIrfOoFHWw30dYWQafrvc=",
      "requires": {
        "utils-extend": "^1.0.6"
      }
    },
    "file-system": {
      "version": "2.2.2",
      "resolved": "https://registry.npmjs.org/file-system/-/file-system-2.2.2.tgz",
      "integrity": "sha1-fWWDPjojR9zZVqgTxncVPtPt2Yc=",
      "requires": {
        "file-match": "^1.0.1",
        "utils-extend": "^1.0.4"
      }
    },
    "fs": {
      "version": "0.0.1-security",
      "resolved": "https://registry.npmjs.org/fs/-/fs-0.0.1-security.tgz",
      "integrity": "sha1-invTcYa23d84E/I4WLV+yq9eQdQ="
    },
    "http-link-header": {
      "version": "1.0.3",
      "resolved": "https://registry.npmjs.org/http-link-header/-/http-link-header-1.0.3.tgz",
      "integrity": "sha512-nARK1wSKoBBrtcoESlHBx36c1Ln/gnbNQi1eB6MeTUefJIT3NvUOsV15bClga0k38f0q/kN5xxrGSDS3EFnm9w=="
    },
    "index-of-any": {
      "version": "1.3.1",
      "resolved": "https://registry.npmjs.org/index-of-any/-/index-of-any-1.3.1.tgz",
      "integrity": "sha512-sdLqn9igK8ldj5v2NfboQL3vWS8PXR9NH7lAe4DyXj5sc+usqt/PCe50rXzLe6165BHJ4FscfzITs9VYS+KX3Q==",
      "requires": {
        "tslib": "^2.0.1"
      }
    },
    "inherits": {
      "version": "2.0.3",
      "resolved": "https://registry.npmjs.org/inherits/-/inherits-2.0.3.tgz",
      "integrity": "sha1-Yzwsg+PaQqUC9SRmAiSA9CCCYd4="
    },
    "lodash": {
      "version": "4.17.20",
      "resolved": "https://registry.npmjs.org/lodash/-/lodash-4.17.20.tgz",
      "integrity": "sha512-PlhdFcillOINfeV7Ni6oF1TAEayyZBoZ8bcshTHqOYJYlrqzRK5hagpagky5o4HfCzzd1TRkXPMFq6cKk9rGmA=="
    },
    "lodash-decorators": {
      "version": "6.0.1",
      "resolved": "https://registry.npmjs.org/lodash-decorators/-/lodash-decorators-6.0.1.tgz",
      "integrity": "sha512-1M0YC8G3nFTkejZEk2ehyvryEdcqj6xATH+ybI8j53cLs/bKRsavaE//y7nz/A0vxEFhxYqev7vdWfsuTJ1AtQ==",
      "requires": {
        "tslib": "^1.9.2"
      },
      "dependencies": {
        "tslib": {
          "version": "1.14.1",
          "resolved": "https://registry.npmjs.org/tslib/-/tslib-1.14.1.tgz",
          "integrity": "sha512-Xni35NKzjgMrwevysHTCArtLDpPvye8zV/0E4EyYn43P7/7qvQwPh9BGkHewbMulVntbigmcT7rdX3BNo9wRJg=="
        }
      }
    },
    "lodash-es": {
      "version": "4.17.20",
      "resolved": "https://registry.npmjs.org/lodash-es/-/lodash-es-4.17.20.tgz",
      "integrity": "sha512-JD1COMZsq8maT6mnuz1UMV0jvYD0E0aUsSOdrr1/nAG3dhqQXwRRgeW0cSqH1U43INKcqxaiVIQNOUDld7gRDA=="
    },
    "lodash.escaperegexp": {
      "version": "4.1.2",
      "resolved": "https://registry.npmjs.org/lodash.escaperegexp/-/lodash.escaperegexp-4.1.2.tgz",
      "integrity": "sha1-ZHYsSGGAglGKw99Mz11YhtriA0c="
    },
    "md5-file": {
      "version": "5.0.0",
      "resolved": "https://registry.npmjs.org/md5-file/-/md5-file-5.0.0.tgz",
      "integrity": "sha512-xbEFXCYVWrSx/gEKS1VPlg84h/4L20znVIulKw6kMfmBUAZNAnF00eczz9ICMl+/hjQGo5KSXRxbL/47X3rmMw=="
    },
    "optimist": {
      "version": "0.3.7",
      "resolved": "https://registry.npmjs.org/optimist/-/optimist-0.3.7.tgz",
      "integrity": "sha1-yQlBrVnkJzMokjB00s8ufLxuwNk=",
      "requires": {
        "wordwrap": "~0.0.2"
      }
    },
    "path": {
      "version": "0.12.7",
      "resolved": "https://registry.npmjs.org/path/-/path-0.12.7.tgz",
      "integrity": "sha1-1NwqUGxM4hl+tIHr/NWzbAFAsQ8=",
      "requires": {
        "process": "^0.11.1",
        "util": "^0.10.3"
      }
    },
    "process": {
      "version": "0.11.10",
      "resolved": "https://registry.npmjs.org/process/-/process-0.11.10.tgz",
      "integrity": "sha1-czIwDoQBYb2j5podHZGn1LwW8YI="
    },
    "psl": {
      "version": "1.8.0",
      "resolved": "https://registry.npmjs.org/psl/-/psl-1.8.0.tgz",
      "integrity": "sha512-RIdOzyoavK+hA18OGGWDqUTsCLhtA7IcZ/6NCs4fFJaHBDab+pDDmDIByWFRQJq2Cd7r1OoQxBGKOaztq+hjIQ=="
    },
    "punycode": {
      "version": "2.1.1",
      "resolved": "https://registry.npmjs.org/punycode/-/punycode-2.1.1.tgz",
      "integrity": "sha512-XRsRjdf+j5ml+y/6GKHPZbrF/8p2Yga0JPtdqTIY2Xe5ohJPD9saDJJLPvp9+NSBprVvevdXZybnj2cv8OEd0A=="
    },
    "reflect-metadata": {
      "version": "0.1.13",
      "resolved": "https://registry.npmjs.org/reflect-metadata/-/reflect-metadata-0.1.13.tgz",
      "integrity": "sha512-Ts1Y/anZELhSsjMcU605fU9RE4Oi3p5ORujwbIKXfWa+0Zxs510Qrmrce5/Jowq3cHSZSJqBjypxmHarc+vEWg=="
    },
    "request-promise": {
      "version": "4.2.6",
      "resolved": "https://registry.npmjs.org/request-promise/-/request-promise-4.2.6.tgz",
      "integrity": "sha512-HCHI3DJJUakkOr8fNoCc73E5nU5bqITjOYFMDrKHYOXWXrgD/SBaC7LjwuPymUprRyuF06UK7hd/lMHkmUXglQ==",
      "requires": {
        "bluebird": "^3.5.0",
        "request-promise-core": "1.1.4",
        "stealthy-require": "^1.1.1",
        "tough-cookie": "^2.3.3"
      }
    },
    "request-promise-core": {
      "version": "1.1.4",
      "resolved": "https://registry.npmjs.org/request-promise-core/-/request-promise-core-1.1.4.tgz",
      "integrity": "sha512-TTbAfBBRdWD7aNNOoVOBH4pN/KigV6LyapYNNlAPA8JwbovRti1E88m3sYAwsLi5ryhPKsE9APwnjFTgdUjTpw==",
      "requires": {
        "lodash": "^4.17.19"
      }
    },
    "require": {
      "version": "2.4.20",
      "resolved": "https://registry.npmjs.org/require/-/require-2.4.20.tgz",
      "integrity": "sha1-Zstrqqu2XeinHXk/XGX9GE83mLY=",
      "requires": {
        "std": "0.1.40",
        "uglify-js": "2.3.0"
      }
    },
    "source-map": {
      "version": "0.1.43",
      "resolved": "https://registry.npmjs.org/source-map/-/source-map-0.1.43.tgz",
      "integrity": "sha1-wkvBRspRfBRx9drL4lcbK3+eM0Y=",
      "requires": {
        "amdefine": ">=0.0.4"
      }
    },
    "std": {
      "version": "0.1.40",
      "resolved": "https://registry.npmjs.org/std/-/std-0.1.40.tgz",
      "integrity": "sha1-Nnil9lCU2eG2teJu2/wCErg0K3E="
    },
    "stealthy-require": {
      "version": "1.1.1",
      "resolved": "https://registry.npmjs.org/stealthy-require/-/stealthy-require-1.1.1.tgz",
      "integrity": "sha1-NbCYdbT/SfJqd35QmzCQoyJr8ks="
    },
    "string-converter": {
      "version": "1.2.1",
      "resolved": "https://registry.npmjs.org/string-converter/-/string-converter-1.2.1.tgz",
      "integrity": "sha512-12JDFZBjPMDUO85cEWQcLwCGhnfhHQPRdwPXDznu6tZABPqg694tW2w+8Msl6tt1/uP5GckEzDkkQb4kH7CYOA==",
      "requires": {
        "lodash-es": "^4.17.15",
        "tslib": "^2.0.1"
      }
    },
    "strip-bom": {
      "version": "3.0.0",
      "resolved": "https://registry.npmjs.org/strip-bom/-/strip-bom-3.0.0.tgz",
      "integrity": "sha1-IzTBjpx1n3vdVv3vfprj1YjmjtM="
    },
    "strip-json-comments": {
      "version": "2.0.1",
      "resolved": "https://registry.npmjs.org/strip-json-comments/-/strip-json-comments-2.0.1.tgz",
      "integrity": "sha1-PFMZQukIwml8DsNEhYwobHygpgo="
    },
    "tough-cookie": {
      "version": "2.5.0",
      "resolved": "https://registry.npmjs.org/tough-cookie/-/tough-cookie-2.5.0.tgz",
      "integrity": "sha512-nlLsUzgm1kfLXSXfRZMc1KLAugd4hqJHDTvc2hDIwS3mZAfMEuMbc03SujMF+GEcpaX/qboeycw6iO8JwVv2+g==",
      "requires": {
        "psl": "^1.1.28",
        "punycode": "^2.1.1"
      }
    },
    "ts-dotenv": {
      "version": "0.8.3",
      "resolved": "https://registry.npmjs.org/ts-dotenv/-/ts-dotenv-0.8.3.tgz",
      "integrity": "sha512-S1wYF0j0C02SaV+escizhCcq0bC58as87cW7M+9zYnEhlgihGEU/Sl+CoshT2VU6Gp7wSrsoaOgt5OSBgsVaVA=="
    },
    "tsconfig": {
      "version": "7.0.0",
      "resolved": "https://registry.npmjs.org/tsconfig/-/tsconfig-7.0.0.tgz",
      "integrity": "sha512-vZXmzPrL+EmC4T/4rVlT2jNVMWCi/O4DIiSj3UHg1OE5kCKbk4mfrXc6dZksLgRM/TZlKnousKH9bbTazUWRRw==",
      "requires": {
        "@types/strip-bom": "^3.0.0",
        "@types/strip-json-comments": "0.0.30",
        "strip-bom": "^3.0.0",
        "strip-json-comments": "^2.0.0"
      }
    },
    "tslib": {
      "version": "2.0.3",
      "resolved": "https://registry.npmjs.org/tslib/-/tslib-2.0.3.tgz",
      "integrity": "sha512-uZtkfKblCEQtZKBF6EBXVZeQNl82yqtDQdv+eck8u7tdPxjLu2/lp5/uPW+um2tpuxINHWy3GhiccY7QgEaVHQ=="
    },
    "typescript": {
      "version": "4.1.3",
      "resolved": "https://registry.npmjs.org/typescript/-/typescript-4.1.3.tgz",
      "integrity": "sha512-B3ZIOf1IKeH2ixgHhj6la6xdwR9QrLC5d1VKeCSY4tvkqhF2eqd9O7txNlS0PO3GrBAFIdr3L1ndNwteUbZLYg=="
    },
    "uglify-js": {
      "version": "2.3.0",
      "resolved": "https://registry.npmjs.org/uglify-js/-/uglify-js-2.3.0.tgz",
      "integrity": "sha1-LN7BbTeKiituz7aYl4TPi3rlSR8=",
      "requires": {
        "async": "~0.2.6",
        "optimist": "~0.3.5",
        "source-map": "~0.1.7"
      }
    },
    "util": {
      "version": "0.10.4",
      "resolved": "https://registry.npmjs.org/util/-/util-0.10.4.tgz",
      "integrity": "sha512-0Pm9hTQ3se5ll1XihRic3FDIku70C+iHUdT/W926rSgHV5QgXsYbKZN8MSC3tJtSkhuROzvsQjAaFENRXr+19A==",
      "requires": {
        "inherits": "2.0.3"
      }
    },
    "utils-extend": {
      "version": "1.0.8",
      "resolved": "https://registry.npmjs.org/utils-extend/-/utils-extend-1.0.8.tgz",
      "integrity": "sha1-zP17ZFQPjpDuIe7Fd2nQZRyril8="
    },
    "wordwrap": {
      "version": "0.0.3",
      "resolved": "https://registry.npmjs.org/wordwrap/-/wordwrap-0.0.3.tgz",
      "integrity": "sha1-o9XabNXAvAAI03I0u68b7WMFkQc="
    }
  }
}
